
Microsoft Visual Studio Solution File, Format Version 12.00
# Visual Studio 15
VisualStudioVersion = 15.0.28010.2046
MinimumVisualStudioVersion = 10.0.40219.1
Project("{2150E333-8FDC-42A3-9474-1A3956D46DE8}") = "Common", "Common", "{BCD650A9-49EF-4E73-A6EF-E8A67A832B1B}"
EndProject
Project("{FAE04EC0-301F-11D3-BF4B-00C04F79EFBC}") = "NKComm", "NKComm\NKComm.csproj", "{979C3A51-9F15-4D49-B547-8189AAD29F23}"
EndProject
Project("{FAE04EC0-301F-11D3-BF4B-00C04F79EFBC}") = "SystemEX", "SystemEX\SystemEX.csproj", "{308D33DB-796C-48FC-B82A-3417FCB4CA6C}"
EndProject
Project("{2150E333-8FDC-42A3-9474-1A3956D46DE8}") = "Shell", "Shell", "{DA1494C8-F884-41B8-9666-C3806CE0BB43}"
EndProject
Project("{FAE04EC0-301F-11D3-BF4B-00C04F79EFBC}") = "WinForm", "WinForm\WinForm.csproj", "{0C0B419C-0BE0-4BF8-AEEA-B73978C30D35}"
EndProject
Project("{2150E333-8FDC-42A3-9474-1A3956D46DE8}") = "DataBase", "DataBase", "{F550707D-41EF-490F-8EB0-29CC60212545}"
EndProject
Project("{FAE04EC0-301F-11D3-BF4B-00C04F79EFBC}") = "DataFactory", "DataFactory\DataFactory.csproj", "{3BC9AF81-3AAE-4A60-BBB7-3FAA6DAF82B7}"
EndProject
Project("{2150E333-8FDC-42A3-9474-1A3956D46DE8}") = "DataConvert", "DataConvert", "{1FC11426-1364-4D35-AE0E-7A754A26BA72}"
EndProject
Project("{FAE04EC0-301F-11D3-BF4B-00C04F79EFBC}") = "DataWork", "DataWork\DataWork.csproj", "{B22A8987-94B5-4C46-938A-80B8E5DD8518}"
EndProject
Project("{2150E333-8FDC-42A3-9474-1A3956D46DE8}") = "Media", "Media", "{4B67D7A4-3022-4B38-89EC-08D82D87BC2A}"
EndProject
Project("{FAE04EC0-301F-11D3-BF4B-00C04F79EFBC}") = "PICFactory", "PICFactory\PICFactory.csproj", "{7F94FA08-C264-4C5B-8B2B-A5FC4E98FAA0}"
EndProject
Project("{2150E333-8FDC-42A3-9474-1A3956D46DE8}") = "Communicate", "Communicate", "{9F4F96E0-FB11-416E-A583-34021AF0921A}"
EndProject
Project("{2150E333-8FDC-42A3-9474-1A3956D46DE8}") = "OS", "OS", "{25A96B05-CA12-45EA-BDD2-71B06D82DC44}"
EndProject
Project("{FAE04EC0-301F-11D3-BF4B-00C04F79EFBC}") = "Communicate", "Communicate\Communicate.csproj", "{2638451A-0273-468E-A53E-F389934E1123}"
EndProject
Project("{FAE04EC0-301F-11D3-BF4B-00C04F79EFBC}") = "TransFactory", "TransFactory\TransFactory.csproj", "{295481CC-832C-4388-8DA1-D6492EEB1E72}"
EndProject
Project("{FAE04EC0-301F-11D3-BF4B-00C04F79EFBC}") = "OSAPI", "OSAPI\OSAPI.csproj", "{6C9AD91B-2953-44A9-A05F-1E720EEF76ED}"
EndProject
Project("{2150E333-8FDC-42A3-9474-1A3956D46DE8}") = "UIContorls", "UIContorls", "{5F3F0B03-89CA-4744-8961-EF58823BDAA0}"
EndProject
Project("{FAE04EC0-301F-11D3-BF4B-00C04F79EFBC}") = "UIForm", "UIForm\UIForm.csproj", "{DD434237-9F05-4D5F-94F0-7F0B7172ABF3}"
EndProject
Project("{FAE04EC0-301F-11D3-BF4B-00C04F79EFBC}") = "UIWeb", "UIWeb\UIWeb.csproj", "{293B84EE-7483-425C-B0EB-187998AFE136}"
EndProject
Project("{E24C65DC-7377-472B-9ABA-BC803B73C61A}") = "WebForm(1)", "WebForm\", "{D5FB41DF-308D-4EB7-9CF4-31BD13A7B3B4}"
	ProjectSection(WebsiteProperties) = preProject
		TargetFrameworkMoniker = ".NETFramework,Version%3Dv4.0"
		ProjectReferences = "{979c3a51-9f15-4d49-b547-8189aad29f23}|NKComm.dll;{293b84ee-7483-425c-b0eb-187998afe136}|UIWeb.dll;{308d33db-796c-48fc-b82a-3417fcb4ca6c}|SystemEX.dll;"
		Debug.AspNetCompiler.VirtualPath = "/localhost_56835"
		Debug.AspNetCompiler.PhysicalPath = "WebForm\"
		Debug.AspNetCompiler.TargetPath = "PrecompiledWeb\localhost_56835\"
		Debug.AspNetCompiler.Updateable = "true"
		Debug.AspNetCompiler.ForceOverwrite = "true"
		Debug.AspNetCompiler.FixedNames = "false"
		Debug.AspNetCompiler.Debug = "True"
		Release.AspNetCompiler.VirtualPath = "/localhost_56835"
		Release.AspNetCompiler.PhysicalPath = "WebForm\"
		Release.AspNetCompiler.TargetPath = "PrecompiledWeb\localhost_56835\"
		Release.AspNetCompiler.Updateable = "true"
		Release.AspNetCompiler.ForceOverwrite = "true"
		Release.AspNetCompiler.FixedNames = "false"
		Release.AspNetCompiler.Debug = "False"
		VWDPort = "56835"
		SlnRelativePath = "WebForm\"
		DefaultWebSiteLanguage = "Visual C#"
	EndProjectSection
EndProject
Project("{FAE04EC0-301F-11D3-BF4B-00C04F79EFBC}") = "OS", "OS\OS.csproj", "{F812052E-98EA-4B69-ABEC-3F41845E87A4}"
EndProject
Project("{FAE04EC0-301F-11D3-BF4B-00C04F79EFBC}") = "ProtocolFactory", "ProtocolFactory\ProtocolFactory.csproj", "{1CF0C4A2-FC59-41CF-B79C-1B83419396A2}"
EndProject
Project("{FAE04EC0-301F-11D3-BF4B-00C04F79EFBC}") = "NKData", "NKData\NKData.csproj", "{5B0D6B07-3149-46CB-986B-0D13110FBD01}"
EndProject
Project("{FAE04EC0-301F-11D3-BF4B-00C04F79EFBC}") = "Identification", "Identification\Identification.csproj", "{F7B151D9-AF07-48D1-9AB5-D3B779735249}"
EndProject
Project("{FAE04EC0-301F-11D3-BF4B-00C04F79EFBC}") = "NOSQLFactory", "NOSQLFactory\NOSQLFactory.csproj", "{719D2A89-78E1-4D57-82AF-45156281ABE4}"
EndProject
Global
	GlobalSection(SolutionConfigurationPlatforms) = preSolution
		Debug|Any CPU = Debug|Any CPU
		Release|Any CPU = Release|Any CPU
	EndGlobalSection
	GlobalSection(ProjectConfigurationPlatforms) = postSolution
		{979C3A51-9F15-4D49-B547-8189AAD29F23}.Debug|Any CPU.ActiveCfg = Debug|Any CPU
		{979C3A51-9F15-4D49-B547-8189AAD29F23}.Debug|Any CPU.Build.0 = Debug|Any CPU
		{979C3A51-9F15-4D49-B547-8189AAD29F23}.Release|Any CPU.ActiveCfg = Release|Any CPU
		{979C3A51-9F15-4D49-B547-8189AAD29F23}.Release|Any CPU.Build.0 = Release|Any CPU
		{308D33DB-796C-48FC-B82A-3417FCB4CA6C}.Debug|Any CPU.ActiveCfg = Debug|Any CPU
		{308D33DB-796C-48FC-B82A-3417FCB4CA6C}.Debug|Any CPU.Build.0 = Debug|Any CPU
		{308D33DB-796C-48FC-B82A-3417FCB4CA6C}.Release|Any CPU.ActiveCfg = Release|Any CPU
		{308D33DB-796C-48FC-B82A-3417FCB4CA6C}.Release|Any CPU.Build.0 = Release|Any CPU
		{0C0B419C-0BE0-4BF8-AEEA-B73978C30D35}.Debug|Any CPU.ActiveCfg = Debug|Any CPU
		{0C0B419C-0BE0-4BF8-AEEA-B73978C30D35}.Debug|Any CPU.Build.0 = Debug|Any CPU
		{0C0B419C-0BE0-4BF8-AEEA-B73978C30D35}.Release|Any CPU.ActiveCfg = Release|Any CPU
		{0C0B419C-0BE0-4BF8-AEEA-B73978C30D35}.Release|Any CPU.Build.0 = Release|Any CPU
		{3BC9AF81-3AAE-4A60-BBB7-3FAA6DAF82B7}.Debug|Any CPU.ActiveCfg = Debug|Any CPU
		{3BC9AF81-3AAE-4A60-BBB7-3FAA6DAF82B7}.Debug|Any CPU.Build.0 = Debug|Any CPU
		{3BC9AF81-3AAE-4A60-BBB7-3FAA6DAF82B7}.Release|Any CPU.ActiveCfg = Release|Any CPU
		{3BC9AF81-3AAE-4A60-BBB7-3FAA6DAF82B7}.Release|Any CPU.Build.0 = Release|Any CPU
		{B22A8987-94B5-4C46-938A-80B8E5DD8518}.Debug|Any CPU.ActiveCfg = Debug|Any CPU
		{B22A8987-94B5-4C46-938A-80B8E5DD8518}.Debug|Any CPU.Build.0 = Debug|Any CPU
		{B22A8987-94B5-4C46-938A-80B8E5DD8518}.Release|Any CPU.ActiveCfg = Release|Any CPU
		{B22A8987-94B5-4C46-938A-80B8E5DD8518}.Release|Any CPU.Build.0 = Release|Any CPU
		{7F94FA08-C264-4C5B-8B2B-A5FC4E98FAA0}.Debug|Any CPU.ActiveCfg = Debug|Any CPU
		{7F94FA08-C264-4C5B-8B2B-A5FC4E98FAA0}.Debug|Any CPU.Build.0 = Debug|Any CPU
		{7F94FA08-C264-4C5B-8B2B-A5FC4E98FAA0}.Release|Any CPU.ActiveCfg = Release|Any CPU
		{7F94FA08-C264-4C5B-8B2B-A5FC4E98FAA0}.Release|Any CPU.Build.0 = Release|Any CPU
		{2638451A-0273-468E-A53E-F389934E1123}.Debug|Any CPU.ActiveCfg = Debug|Any CPU
		{2638451A-0273-468E-A53E-F389934E1123}.Debug|Any CPU.Build.0 = Debug|Any CPU
		{2638451A-0273-468E-A53E-F389934E1123}.Release|Any CPU.ActiveCfg = Release|Any CPU
		{2638451A-0273-468E-A53E-F389934E1123}.Release|Any CPU.Build.0 = Release|Any CPU
		{295481CC-832C-4388-8DA1-D6492EEB1E72}.Debug|Any CPU.ActiveCfg = Debug|Any CPU
		{295481CC-832C-4388-8DA1-D6492EEB1E72}.Debug|Any CPU.Build.0 = Debug|Any CPU
		{295481CC-832C-4388-8DA1-D6492EEB1E72}.Release|Any CPU.ActiveCfg = Release|Any CPU
		{295481CC-832C-4388-8DA1-D6492EEB1E72}.Release|Any CPU.Build.0 = Release|Any CPU
		{6C9AD91B-2953-44A9-A05F-1E720EEF76ED}.Debug|Any CPU.ActiveCfg = Debug|Any CPU
		{6C9AD91B-2953-44A9-A05F-1E720EEF76ED}.Debug|Any CPU.Build.0 = Debug|Any CPU
		{6C9AD91B-2953-44A9-A05F-1E720EEF76ED}.Release|Any CPU.ActiveCfg = Release|Any CPU
		{6C9AD91B-2953-44A9-A05F-1E720EEF76ED}.Release|Any CPU.Build.0 = Release|Any CPU
		{DD434237-9F05-4D5F-94F0-7F0B7172ABF3}.Debug|Any CPU.ActiveCfg = Debug|Any CPU
		{DD434237-9F05-4D5F-94F0-7F0B7172ABF3}.Debug|Any CPU.Build.0 = Debug|Any CPU
		{DD434237-9F05-4D5F-94F0-7F0B7172ABF3}.Release|Any CPU.ActiveCfg = Release|Any CPU
		{DD434237-9F05-4D5F-94F0-7F0B7172ABF3}.Release|Any CPU.Build.0 = Release|Any CPU
		{293B84EE-7483-425C-B0EB-187998AFE136}.Debug|Any CPU.ActiveCfg = Debug|Any CPU
		{293B84EE-7483-425C-B0EB-187998AFE136}.Debug|Any CPU.Build.0 = Debug|Any CPU
		{293B84EE-7483-425C-B0EB-187998AFE136}.Release|Any CPU.ActiveCfg = Release|Any CPU
		{293B84EE-7483-425C-B0EB-187998AFE136}.Release|Any CPU.Build.0 = Release|Any CPU
		{D5FB41DF-308D-4EB7-9CF4-31BD13A7B3B4}.Debug|Any CPU.ActiveCfg = Debug|Any CPU
		{D5FB41DF-308D-4EB7-9CF4-31BD13A7B3B4}.Debug|Any CPU.Build.0 = Debug|Any CPU
		{D5FB41DF-308D-4EB7-9CF4-31BD13A7B3B4}.Release|Any CPU.ActiveCfg = Debug|Any CPU
		{D5FB41DF-308D-4EB7-9CF4-31BD13A7B3B4}.Release|Any CPU.Build.0 = Debug|Any CPU
		{F812052E-98EA-4B69-ABEC-3F41845E87A4}.Debug|Any CPU.ActiveCfg = Debug|Any CPU
		{F812052E-98EA-4B69-ABEC-3F41845E87A4}.Debug|Any CPU.Build.0 = Debug|Any CPU
		{F812052E-98EA-4B69-ABEC-3F41845E87A4}.Release|Any CPU.ActiveCfg = Release|Any CPU
		{F812052E-98EA-4B69-ABEC-3F41845E87A4}.Release|Any CPU.Build.0 = Release|Any CPU
		{1CF0C4A2-FC59-41CF-B79C-1B83419396A2}.Debug|Any CPU.ActiveCfg = Debug|Any CPU
		{1CF0C4A2-FC59-41CF-B79C-1B83419396A2}.Debug|Any CPU.Build.0 = Debug|Any CPU
		{1CF0C4A2-FC59-41CF-B79C-1B83419396A2}.Release|Any CPU.ActiveCfg = Release|Any CPU
		{1CF0C4A2-FC59-41CF-B79C-1B83419396A2}.Release|Any CPU.Build.0 = Release|Any CPU
		{5B0D6B07-3149-46CB-986B-0D13110FBD01}.Debug|Any CPU.ActiveCfg = Debug|Any CPU
		{5B0D6B07-3149-46CB-986B-0D13110FBD01}.Debug|Any CPU.Build.0 = Debug|Any CPU
		{5B0D6B07-3149-46CB-986B-0D13110FBD01}.Release|Any CPU.ActiveCfg = Release|Any CPU
		{5B0D6B07-3149-46CB-986B-0D13110FBD01}.Release|Any CPU.Build.0 = Release|Any CPU
		{F7B151D9-AF07-48D1-9AB5-D3B779735249}.Debug|Any CPU.ActiveCfg = Debug|Any CPU
		{F7B151D9-AF07-48D1-9AB5-D3B779735249}.Debug|Any CPU.Build.0 = Debug|Any CPU
		{F7B151D9-AF07-48D1-9AB5-D3B779735249}.Release|Any CPU.ActiveCfg = Release|Any CPU
		{F7B151D9-AF07-48D1-9AB5-D3B779735249}.Release|Any CPU.Build.0 = Release|Any CPU
		{719D2A89-78E1-4D57-82AF-45156281ABE4}.Debug|Any CPU.ActiveCfg = Debug|Any CPU
		{719D2A89-78E1-4D57-82AF-45156281ABE4}.Debug|Any CPU.Build.0 = Debug|Any CPU
		{719D2A89-78E1-4D57-82AF-45156281ABE4}.Release|Any CPU.ActiveCfg = Release|Any CPU
		{719D2A89-78E1-4D57-82AF-45156281ABE4}.Release|Any CPU.Build.0 = Release|Any CPU
	EndGlobalSection
	GlobalSection(SolutionProperties) = preSolution
		HideSolutionNode = FALSE
	EndGlobalSection
	GlobalSection(NestedProjects) = preSolution
		{979C3A51-9F15-4D49-B547-8189AAD29F23} = {BCD650A9-49EF-4E73-A6EF-E8A67A832B1B}
		{308D33DB-796C-48FC-B82A-3417FCB4CA6C} = {BCD650A9-49EF-4E73-A6EF-E8A67A832B1B}
		{0C0B419C-0BE0-4BF8-AEEA-B73978C30D35} = {DA1494C8-F884-41B8-9666-C3806CE0BB43}
		{3BC9AF81-3AAE-4A60-BBB7-3FAA6DAF82B7} = {F550707D-41EF-490F-8EB0-29CC60212545}
		{B22A8987-94B5-4C46-938A-80B8E5DD8518} = {1FC11426-1364-4D35-AE0E-7A754A26BA72}
		{7F94FA08-C264-4C5B-8B2B-A5FC4E98FAA0} = {4B67D7A4-3022-4B38-89EC-08D82D87BC2A}
		{2638451A-0273-468E-A53E-F389934E1123} = {9F4F96E0-FB11-416E-A583-34021AF0921A}
		{295481CC-832C-4388-8DA1-D6492EEB1E72} = {9F4F96E0-FB11-416E-A583-34021AF0921A}
		{6C9AD91B-2953-44A9-A05F-1E720EEF76ED} = {25A96B05-CA12-45EA-BDD2-71B06D82DC44}
		{DD434237-9F05-4D5F-94F0-7F0B7172ABF3} = {5F3F0B03-89CA-4744-8961-EF58823BDAA0}
		{293B84EE-7483-425C-B0EB-187998AFE136} = {5F3F0B03-89CA-4744-8961-EF58823BDAA0}
		{D5FB41DF-308D-4EB7-9CF4-31BD13A7B3B4} = {DA1494C8-F884-41B8-9666-C3806CE0BB43}
		{F812052E-98EA-4B69-ABEC-3F41845E87A4} = {25A96B05-CA12-45EA-BDD2-71B06D82DC44}
		{1CF0C4A2-FC59-41CF-B79C-1B83419396A2} = {1FC11426-1364-4D35-AE0E-7A754A26BA72}
		{5B0D6B07-3149-46CB-986B-0D13110FBD01} = {F550707D-41EF-490F-8EB0-29CC60212545}
		{F7B151D9-AF07-48D1-9AB5-D3B779735249} = {9F4F96E0-FB11-416E-A583-34021AF0921A}
		{719D2A89-78E1-4D57-82AF-45156281ABE4} = {F550707D-41EF-490F-8EB0-29CC60212545}
	EndGlobalSection
	GlobalSection(ExtensibilityGlobals) = postSolution
		SolutionGuid = {BA0DBD1D-37FF-4595-AABD-F211D0191EE4}
	EndGlobalSection
EndGlobal
